
Microsoft Visual Studio Solution File, Format Version 12.00
# Visual Studio Version 16
VisualStudioVersion = 16.0.30011.22
MinimumVisualStudioVersion = 10.0.40219.1
Project("{FAE04EC0-301F-11D3-BF4B-00C04F79EFBC}") = "BusinessService.Api", "BusinessService.Api\BusinessService.Api.csproj", "{2399CB19-46D7-4D86-840D-CA5D7F50238C}"
EndProject
Project("{FAE04EC0-301F-11D3-BF4B-00C04F79EFBC}") = "BusinessService.Domain", "BusinessService.Domail\BusinessService.Domain.csproj", "{5C6B3C58-2957-486F-B78A-6849B64F6179}"
EndProject
Global
	GlobalSection(SolutionConfigurationPlatforms) = preSolution
		Debug|Any CPU = Debug|Any CPU
		Release|Any CPU = Release|Any CPU
	EndGlobalSection
	GlobalSection(ProjectConfigurationPlatforms) = postSolution
		{2399CB19-46D7-4D86-840D-CA5D7F50238C}.Debug|Any CPU.ActiveCfg = Debug|Any CPU
		{2399CB19-46D7-4D86-840D-CA5D7F50238C}.Debug|Any CPU.Build.0 = Debug|Any CPU
		{2399CB19-46D7-4D86-840D-CA5D7F50238C}.Release|Any CPU.ActiveCfg = Release|Any CPU
		{2399CB19-46D7-4D86-840D-CA5D7F50238C}.Release|Any CPU.Build.0 = Release|Any CPU
		{5C6B3C58-2957-486F-B78A-6849B64F6179}.Debug|Any CPU.ActiveCfg = Debug|Any CPU
		{5C6B3C58-2957-486F-B78A-6849B64F6179}.Debug|Any CPU.Build.0 = Debug|Any CPU
		{5C6B3C58-2957-486F-B78A-6849B64F6179}.Release|Any CPU.ActiveCfg = Release|Any CPU
		{5C6B3C58-2957-486F-B78A-6849B64F6179}.Release|Any CPU.Build.0 = Release|Any CPU
	EndGlobalSection
	GlobalSection(SolutionProperties) = preSolution
		HideSolutionNode = FALSE
	EndGlobalSection
	GlobalSection(ExtensibilityGlobals) = postSolution
		SolutionGuid = {2422EF85-FDD7-44EE-BEAB-C250DA577261}
	EndGlobalSection
EndGlobal
